
Microsoft Visual Studio Solution File, Format Version 12.00
# Visual Studio 15
VisualStudioVersion = 15.0.27004.2008
MinimumVisualStudioVersion = 10.0.40219.1
Project("{9A19103F-16F7-4668-BE54-9A1E7A4F7556}") = "bracken-lrs", "LRS\bracken-lrs.csproj", "{45869A9E-1EB3-4670-A117-C1854A18D993}"
EndProject
Global
	GlobalSection(SolutionConfigurationPlatforms) = preSolution
		Debug|Any CPU = Debug|Any CPU
		Release|Any CPU = Release|Any CPU
	EndGlobalSection
	GlobalSection(ProjectConfigurationPlatforms) = postSolution
		{45869A9E-1EB3-4670-A117-C1854A18D993}.Debug|Any CPU.ActiveCfg = Debug|Any CPU
		{45869A9E-1EB3-4670-A117-C1854A18D993}.Debug|Any CPU.Build.0 = Debug|Any CPU
		{45869A9E-1EB3-4670-A117-C1854A18D993}.Release|Any CPU.ActiveCfg = Release|Any CPU
		{45869A9E-1EB3-4670-A117-C1854A18D993}.Release|Any CPU.Build.0 = Release|Any CPU
	EndGlobalSection
	GlobalSection(SolutionProperties) = preSolution
		HideSolutionNode = FALSE
	EndGlobalSection
	GlobalSection(ExtensibilityGlobals) = postSolution
		SolutionGuid = {0E83A7D5-609D-471A-9C37-2136C8CAB00B}
	EndGlobalSection
EndGlobal
